
Microsoft Visual Studio Solution File, Format Version 12.00
# Visual Studio Version 16
VisualStudioVersion = 16.0.30225.117
MinimumVisualStudioVersion = 10.0.40219.1
Project("{FAE04EC0-301F-11D3-BF4B-00C04F79EFBC}") = "TRMDataManager", "TRMDataManager\TRMDataManager.csproj", "{BF5FFA9B-3438-4848-8A2D-8759FCD4412D}"
EndProject
Global
	GlobalSection(SolutionConfigurationPlatforms) = preSolution
		Debug|Any CPU = Debug|Any CPU
		Release|Any CPU = Release|Any CPU
	EndGlobalSection
	GlobalSection(ProjectConfigurationPlatforms) = postSolution
		{BF5FFA9B-3438-4848-8A2D-8759FCD4412D}.Debug|Any CPU.ActiveCfg = Debug|Any CPU
		{BF5FFA9B-3438-4848-8A2D-8759FCD4412D}.Debug|Any CPU.Build.0 = Debug|Any CPU
		{BF5FFA9B-3438-4848-8A2D-8759FCD4412D}.Release|Any CPU.ActiveCfg = Release|Any CPU
		{BF5FFA9B-3438-4848-8A2D-8759FCD4412D}.Release|Any CPU.Build.0 = Release|Any CPU
	EndGlobalSection
	GlobalSection(SolutionProperties) = preSolution
		HideSolutionNode = FALSE
	EndGlobalSection
	GlobalSection(ExtensibilityGlobals) = postSolution
		SolutionGuid = {A4B2717E-1FDB-446F-8D75-530D73682D38}
	EndGlobalSection
EndGlobal
